
Microsoft Visual Studio Solution File, Format Version 12.00
# Visual Studio 15
VisualStudioVersion = 15.0.26430.16
MinimumVisualStudioVersion = 10.0.40219.1
Project("{FAE04EC0-301F-11D3-BF4B-00C04F79EFBC}") = "tom", "tom\tom.csproj", "{39A9C3A7-52A9-4D55-9557-91184C6CE067}"
EndProject
Project("{2150E333-8FDC-42A3-9474-1A3956D46DE8}") = "Solution Items", "Solution Items", "{67DF424B-EB2A-432A-8F55-56EAFCF07C7C}"
	ProjectSection(SolutionItems) = preProject
		.gitattributes = .gitattributes
		.gitignore = .gitignore
	EndProjectSection
EndProject
Project("{2150E333-8FDC-42A3-9474-1A3956D46DE8}") = "tom.Package", "tom.Package", "{2AFE11E4-8D4E-4EDF-98E3-F5F51D68AB50}"
	ProjectSection(SolutionItems) = preProject
		tom.Package\CheckForAlreadyPublished.ps1 = tom.Package\CheckForAlreadyPublished.ps1
		tom.Package\Common.props = tom.Package\Common.props
		tom.Package\packages.config = tom.Package\packages.config
		tom.Package\tom.xml = tom.Package\tom.xml
		tom.Package\Unlimitedinf.Tom.nuproj = tom.Package\Unlimitedinf.Tom.nuproj
	EndProjectSection
EndProject
Project("{2150E333-8FDC-42A3-9474-1A3956D46DE8}") = "Common Items", "Common Items", "{BAB5B95C-3036-4EA9-BF96-94F07B9989B7}"
	ProjectSection(SolutionItems) = preProject
		Common.props = Common.props
		Common.targets = Common.targets
		CommonAssemblyInfo.cs = CommonAssemblyInfo.cs
		Get-VersionInfo.ps1 = Get-VersionInfo.ps1
		Inc-VersionInfo.ps1 = Inc-VersionInfo.ps1
		LocalAssemblyInfo.ps1 = LocalAssemblyInfo.ps1
		noglob.ruleset = noglob.ruleset
		unlimitedinf.ico = unlimitedinf.ico
	EndProjectSection
EndProject
Project("{FAE04EC0-301F-11D3-BF4B-00C04F79EFBC}") = "tom.hello-world", "tom.hello-world\tom.hello-world.csproj", "{1D2158BC-CC3C-4F06-BE34-90BB8600AE2A}"
EndProject
Project("{FAE04EC0-301F-11D3-BF4B-00C04F79EFBC}") = "tom.apis", "tom.apis\tom.apis.csproj", "{6EA03C46-77E0-4E43-B808-2740D7D87F0A}"
EndProject
Project("{FAE04EC0-301F-11D3-BF4B-00C04F79EFBC}") = "tom.hash", "tom.hash\tom.hash.csproj", "{5E7D331B-4517-4450-8FA2-2E25014C07D9}"
EndProject
Global
	GlobalSection(SolutionConfigurationPlatforms) = preSolution
		Debug|Any CPU = Debug|Any CPU
		Release|Any CPU = Release|Any CPU
	EndGlobalSection
	GlobalSection(ProjectConfigurationPlatforms) = postSolution
		{39A9C3A7-52A9-4D55-9557-91184C6CE067}.Debug|Any CPU.ActiveCfg = Debug|Any CPU
		{39A9C3A7-52A9-4D55-9557-91184C6CE067}.Debug|Any CPU.Build.0 = Debug|Any CPU
		{39A9C3A7-52A9-4D55-9557-91184C6CE067}.Release|Any CPU.ActiveCfg = Release|Any CPU
		{39A9C3A7-52A9-4D55-9557-91184C6CE067}.Release|Any CPU.Build.0 = Release|Any CPU
		{1D2158BC-CC3C-4F06-BE34-90BB8600AE2A}.Debug|Any CPU.ActiveCfg = Debug|Any CPU
		{1D2158BC-CC3C-4F06-BE34-90BB8600AE2A}.Debug|Any CPU.Build.0 = Debug|Any CPU
		{1D2158BC-CC3C-4F06-BE34-90BB8600AE2A}.Release|Any CPU.ActiveCfg = Release|Any CPU
		{1D2158BC-CC3C-4F06-BE34-90BB8600AE2A}.Release|Any CPU.Build.0 = Release|Any CPU
		{6EA03C46-77E0-4E43-B808-2740D7D87F0A}.Debug|Any CPU.ActiveCfg = Debug|Any CPU
		{6EA03C46-77E0-4E43-B808-2740D7D87F0A}.Debug|Any CPU.Build.0 = Debug|Any CPU
		{6EA03C46-77E0-4E43-B808-2740D7D87F0A}.Release|Any CPU.ActiveCfg = Release|Any CPU
		{6EA03C46-77E0-4E43-B808-2740D7D87F0A}.Release|Any CPU.Build.0 = Release|Any CPU
		{5E7D331B-4517-4450-8FA2-2E25014C07D9}.Debug|Any CPU.ActiveCfg = Debug|Any CPU
		{5E7D331B-4517-4450-8FA2-2E25014C07D9}.Debug|Any CPU.Build.0 = Debug|Any CPU
		{5E7D331B-4517-4450-8FA2-2E25014C07D9}.Release|Any CPU.ActiveCfg = Release|Any CPU
		{5E7D331B-4517-4450-8FA2-2E25014C07D9}.Release|Any CPU.Build.0 = Release|Any CPU
	EndGlobalSection
	GlobalSection(SolutionProperties) = preSolution
		HideSolutionNode = FALSE
	EndGlobalSection
	GlobalSection(ExtensibilityGlobals) = postSolution
		SolutionGuid = {FD77D399-0655-4137-B9E6-A3AD7D373735}
	EndGlobalSection
EndGlobal
