
Microsoft Visual Studio Solution File, Format Version 12.00
# Visual Studio Version 17
VisualStudioVersion = 17.2.32516.85
MinimumVisualStudioVersion = 10.0.40219.1
Project("{9A19103F-16F7-4668-BE54-9A1E7A4F7556}") = "tom", "tom\tom.csproj", "{39A9C3A7-52A9-4D55-9557-91184C6CE067}"
EndProject
Project("{2150E333-8FDC-42A3-9474-1A3956D46DE8}") = "Solution Items", "Solution Items", "{67DF424B-EB2A-432A-8F55-56EAFCF07C7C}"
	ProjectSection(SolutionItems) = preProject
		..\.editorConfig = ..\.editorConfig
		..\.gitignore = ..\.gitignore
		Directory.Build.props = Directory.Build.props
		..\GitVersion.yml = ..\GitVersion.yml
	EndProjectSection
EndProject
Project("{9A19103F-16F7-4668-BE54-9A1E7A4F7556}") = "ws", "ws\ws.csproj", "{C6C00311-D375-4CC6-8119-8A7885A9C700}"
EndProject
Project("{9A19103F-16F7-4668-BE54-9A1E7A4F7556}") = "util", "util\util.csproj", "{09400BD4-2344-4489-ABAC-3CCFB9B3152F}"
EndProject
Project("{9A19103F-16F7-4668-BE54-9A1E7A4F7556}") = "ws.contracts", "ws.contracts\ws.contracts.csproj", "{A5AF9E79-EA3B-471B-8E10-92E8F70D9E42}"
EndProject
Project("{9A19103F-16F7-4668-BE54-9A1E7A4F7556}") = "tom.exe", "tom.exe\tom.exe.csproj", "{59B09B91-E533-4126-9EE0-468BD77D7D82}"
EndProject
Project("{9A19103F-16F7-4668-BE54-9A1E7A4F7556}") = "Microcharts", "..\subs\Microcharts\Sources\Microcharts\Microcharts.csproj", "{BF1BA8A1-8B3D-405A-A4D2-1528CB5BD0A2}"
EndProject
Project("{9A19103F-16F7-4668-BE54-9A1E7A4F7556}") = "tests", "tests\tests.csproj", "{FC82C9E0-EE71-4D25-A422-F8B9B049B1AC}"
EndProject
Project("{2150E333-8FDC-42A3-9474-1A3956D46DE8}") = "build", "build", "{6E87145D-200F-4F54-98BD-50A5AC13C120}"
	ProjectSection(SolutionItems) = preProject
		..\build\ci.yml = ..\build\ci.yml
	EndProjectSection
EndProject
Global
	GlobalSection(SolutionConfigurationPlatforms) = preSolution
		Debug|Any CPU = Debug|Any CPU
	EndGlobalSection
	GlobalSection(ProjectConfigurationPlatforms) = postSolution
		{39A9C3A7-52A9-4D55-9557-91184C6CE067}.Debug|Any CPU.ActiveCfg = Debug|Any CPU
		{39A9C3A7-52A9-4D55-9557-91184C6CE067}.Debug|Any CPU.Build.0 = Debug|Any CPU
		{C6C00311-D375-4CC6-8119-8A7885A9C700}.Debug|Any CPU.ActiveCfg = Debug|Any CPU
		{C6C00311-D375-4CC6-8119-8A7885A9C700}.Debug|Any CPU.Build.0 = Debug|Any CPU
		{09400BD4-2344-4489-ABAC-3CCFB9B3152F}.Debug|Any CPU.ActiveCfg = Debug|Any CPU
		{09400BD4-2344-4489-ABAC-3CCFB9B3152F}.Debug|Any CPU.Build.0 = Debug|Any CPU
		{A5AF9E79-EA3B-471B-8E10-92E8F70D9E42}.Debug|Any CPU.ActiveCfg = Debug|Any CPU
		{A5AF9E79-EA3B-471B-8E10-92E8F70D9E42}.Debug|Any CPU.Build.0 = Debug|Any CPU
		{59B09B91-E533-4126-9EE0-468BD77D7D82}.Debug|Any CPU.ActiveCfg = Debug|Any CPU
		{59B09B91-E533-4126-9EE0-468BD77D7D82}.Debug|Any CPU.Build.0 = Debug|Any CPU
		{BF1BA8A1-8B3D-405A-A4D2-1528CB5BD0A2}.Debug|Any CPU.ActiveCfg = Debug|Any CPU
		{BF1BA8A1-8B3D-405A-A4D2-1528CB5BD0A2}.Debug|Any CPU.Build.0 = Debug|Any CPU
		{FC82C9E0-EE71-4D25-A422-F8B9B049B1AC}.Debug|Any CPU.ActiveCfg = Debug|Any CPU
		{FC82C9E0-EE71-4D25-A422-F8B9B049B1AC}.Debug|Any CPU.Build.0 = Debug|Any CPU
	EndGlobalSection
	GlobalSection(SolutionProperties) = preSolution
		HideSolutionNode = FALSE
	EndGlobalSection
	GlobalSection(NestedProjects) = preSolution
		{6E87145D-200F-4F54-98BD-50A5AC13C120} = {67DF424B-EB2A-432A-8F55-56EAFCF07C7C}
	EndGlobalSection
	GlobalSection(ExtensibilityGlobals) = postSolution
		SolutionGuid = {FD77D399-0655-4137-B9E6-A3AD7D373735}
	EndGlobalSection
EndGlobal
